{
  "nodes": {
    "home-manager": {
      "inputs": {
        "nixpkgs": "nixpkgs"
      },
      "locked": {
        "lastModified": 1639871969,
        "narHash": "sha256-6feWUnMygRzA9tzkrfAzpA5/NBYg75bkFxnqb1DtD7E=",
        "owner": "nix-community",
        "repo": "home-manager",
        "rev": "697cc8c68ed6a606296efbbe9614c32537078756",
        "type": "github"
      },
      "original": {
        "owner": "nix-community",
        "ref": "release-21.11",
        "repo": "home-manager",
        "type": "github"
      }
    },
    "nixpkgs": {
      "locked": {
        "lastModified": 1640090545,
        "narHash": "sha256-6qiF46uBGoSQmjDTFl8ilT+d1DuK39IRHlj0jE5gqZE=",
        "owner": "NixOS",
        "repo": "nixpkgs",
        "rev": "1dd151f0c0c216f416e9553af08f724a2499c795",
        "type": "github"
      },
      "original": {
        "id": "nixpkgs",
        "type": "indirect"
      }
    },
    "nixpkgs_2": {
      "locked": {
        "lastModified": 1640077788,
        "narHash": "sha256-YMSDk3hlucJTTARaHNOeQEF6zEW3A/x4sXgrz94VbS0=",
        "owner": "nixos",
        "repo": "nixpkgs",
        "rev": "9ab7d12287ced0e1b4c03b61c781901f178d9d77",
        "type": "github"
      },
      "original": {
        "owner": "nixos",
        "ref": "nixos-21.11",
        "repo": "nixpkgs",
        "type": "github"
      }
    },
    "root": {
      "inputs": {
        "home-manager": "home-manager",
        "nixpkgs": "nixpkgs_2",
        "unstable": "unstable"
      }
    },
    "unstable": {
      "locked": {
        "lastModified": 1640139330,
        "narHash": "sha256-Nkp3wUOGwtoQ7EH28RLVJ7EqB/e0TU7VcsM7GLy+SdY=",
        "owner": "nixos",
        "repo": "nixpkgs",
        "rev": "81cef6b70fb5d5cdba5a0fef3f714c2dadaf0d6d",
        "type": "github"
      },
      "original": {
        "owner": "nixos",
        "ref": "nixos-unstable",
        "repo": "nixpkgs",
        "type": "github"
      }
    }
  },
  "root": "root",
  "version": 7
}
